
Microsoft Visual Studio Solution File, Format Version 12.00
# Visual Studio Version 17
VisualStudioVersion = 17.6.33801.468
MinimumVisualStudioVersion = 10.0.40219.1
Project("{2150E333-8FDC-42A3-9474-1A3956D46DE8}") = "BankingAccount", "BankingAccount", "{E58FA88D-D8BE-4F6D-A999-9943695AC64F}"
EndProject
Project("{2150E333-8FDC-42A3-9474-1A3956D46DE8}") = "Microservices", "Microservices", "{A26B8686-5D53-48A2-AEE5-8A95778939C9}"
EndProject
Project("{2150E333-8FDC-42A3-9474-1A3956D46DE8}") = "CQRS", "CQRS", "{9AD0FE91-DAB5-454E-89E1-18070F363693}"
EndProject
Project("{2150E333-8FDC-42A3-9474-1A3956D46DE8}") = "Command", "Command", "{51321EF5-685B-43ED-8CB4-AF3121E47116}"
EndProject
Project("{2150E333-8FDC-42A3-9474-1A3956D46DE8}") = "Query", "Query", "{ABDE238D-B5E7-49BA-B608-9862499FDF6A}"
EndProject
Project("{FAE04EC0-301F-11D3-BF4B-00C04F79EFBC}") = "Banking.Cqrs.Core", "Banking.Cqrs.Core\Banking.Cqrs.Core.csproj", "{7DFB5745-2D17-4916-8AB9-D5D27EB261CD}"
EndProject
Project("{2150E333-8FDC-42A3-9474-1A3956D46DE8}") = "Api", "Api", "{A5D7F1D4-FB73-4041-BC01-3DE810E83FCA}"
EndProject
Project("{2150E333-8FDC-42A3-9474-1A3956D46DE8}") = "Domain", "Domain", "{868DF43F-6C70-43A6-AFE4-C6C3A84E089C}"
EndProject
Project("{2150E333-8FDC-42A3-9474-1A3956D46DE8}") = "Application", "Application", "{C9FAB8F9-9D35-446B-B646-BCA995522FB6}"
EndProject
Project("{2150E333-8FDC-42A3-9474-1A3956D46DE8}") = "Infraestructure", "Infraestructure", "{240B6C35-33C8-4A08-AE9F-F6D410375C5E}"
EndProject
Project("{FAE04EC0-301F-11D3-BF4B-00C04F79EFBC}") = "Banking.Account.Command.Domain", "Banking.Account.Command.Domain\Banking.Account.Command.Domain.csproj", "{11E57B09-9C70-48B8-B7BF-761AD43BF786}"
EndProject
Project("{FAE04EC0-301F-11D3-BF4B-00C04F79EFBC}") = "Banking.Account.Command.Application", "Banking.Account.Command.Application\Banking.Account.Command.Application.csproj", "{BA5AF6BC-9B90-493A-B194-3B868A812577}"
EndProject
Project("{FAE04EC0-301F-11D3-BF4B-00C04F79EFBC}") = "Banking.Account.Command.Infraestructure", "Banking.Account.Command.Infraestructure\Banking.Account.Command.Infraestructure.csproj", "{22D1F65D-C1B3-4DAF-8470-1B5183ABB9E5}"
EndProject
Project("{FAE04EC0-301F-11D3-BF4B-00C04F79EFBC}") = "Banking.Account.Command.Api", "Banking.Account.Command.Api\Banking.Account.Command.Api.csproj", "{1BEFD1CD-61C3-486C-B0FE-7629C1F311C7}"
EndProject
Project("{2150E333-8FDC-42A3-9474-1A3956D46DE8}") = "Api", "Api", "{89592728-8FB4-43FC-ADE2-73FC73EB102E}"
EndProject
Project("{2150E333-8FDC-42A3-9474-1A3956D46DE8}") = "Application", "Application", "{C1CF0FA7-EB36-4DBF-951B-3A8DF0FD2BB1}"
EndProject
Project("{2150E333-8FDC-42A3-9474-1A3956D46DE8}") = "Domain", "Domain", "{56627229-5A96-4BCC-885B-DCC6B4DBF8EF}"
EndProject
Project("{2150E333-8FDC-42A3-9474-1A3956D46DE8}") = "Infraestructure", "Infraestructure", "{FCACE063-819D-423B-9306-85CAEB083505}"
EndProject
Project("{2150E333-8FDC-42A3-9474-1A3956D46DE8}") = "Consumer", "Consumer", "{E53186F9-255D-43CE-BC44-BADC6327F789}"
EndProject
Project("{FAE04EC0-301F-11D3-BF4B-00C04F79EFBC}") = "Banking.Account.Query.Domain", "Banking.Account.Query.Domain\Banking.Account.Query.Domain.csproj", "{00D31B77-B134-404F-B3C9-86E548D0C563}"
EndProject
Project("{FAE04EC0-301F-11D3-BF4B-00C04F79EFBC}") = "Banking.Account.Query.Application", "Banking.Account.Query.Application\Banking.Account.Query.Application.csproj", "{024EF5AF-0922-4887-95CE-50E4ABC0D2B1}"
EndProject
Project("{FAE04EC0-301F-11D3-BF4B-00C04F79EFBC}") = "Banking.Account.Query.Infraestructure", "Banking.Account.Query.Infraestructure\Banking.Account.Query.Infraestructure.csproj", "{EA2E1DC8-DB74-4465-B925-93712B340013}"
EndProject
Project("{FAE04EC0-301F-11D3-BF4B-00C04F79EFBC}") = "Banking.Account.Query.Api", "Banking.Account.Query.Api\Banking.Account.Query.Api.csproj", "{229F21FE-AAB2-4A66-B602-BF59494CDDE2}"
EndProject
Project("{FAE04EC0-301F-11D3-BF4B-00C04F79EFBC}") = "Banking.Account.Consumer.Api", "Banking.Account.Consumer.Api\Banking.Account.Consumer.Api.csproj", "{D8CE1293-D821-4073-96FB-8EE96F3017BE}"
EndProject
Global
	GlobalSection(SolutionConfigurationPlatforms) = preSolution
		Debug|Any CPU = Debug|Any CPU
		Release|Any CPU = Release|Any CPU
	EndGlobalSection
	GlobalSection(ProjectConfigurationPlatforms) = postSolution
		{7DFB5745-2D17-4916-8AB9-D5D27EB261CD}.Debug|Any CPU.ActiveCfg = Debug|Any CPU
		{7DFB5745-2D17-4916-8AB9-D5D27EB261CD}.Debug|Any CPU.Build.0 = Debug|Any CPU
		{7DFB5745-2D17-4916-8AB9-D5D27EB261CD}.Release|Any CPU.ActiveCfg = Release|Any CPU
		{7DFB5745-2D17-4916-8AB9-D5D27EB261CD}.Release|Any CPU.Build.0 = Release|Any CPU
		{11E57B09-9C70-48B8-B7BF-761AD43BF786}.Debug|Any CPU.ActiveCfg = Debug|Any CPU
		{11E57B09-9C70-48B8-B7BF-761AD43BF786}.Debug|Any CPU.Build.0 = Debug|Any CPU
		{11E57B09-9C70-48B8-B7BF-761AD43BF786}.Release|Any CPU.ActiveCfg = Release|Any CPU
		{11E57B09-9C70-48B8-B7BF-761AD43BF786}.Release|Any CPU.Build.0 = Release|Any CPU
		{BA5AF6BC-9B90-493A-B194-3B868A812577}.Debug|Any CPU.ActiveCfg = Debug|Any CPU
		{BA5AF6BC-9B90-493A-B194-3B868A812577}.Debug|Any CPU.Build.0 = Debug|Any CPU
		{BA5AF6BC-9B90-493A-B194-3B868A812577}.Release|Any CPU.ActiveCfg = Release|Any CPU
		{BA5AF6BC-9B90-493A-B194-3B868A812577}.Release|Any CPU.Build.0 = Release|Any CPU
		{22D1F65D-C1B3-4DAF-8470-1B5183ABB9E5}.Debug|Any CPU.ActiveCfg = Debug|Any CPU
		{22D1F65D-C1B3-4DAF-8470-1B5183ABB9E5}.Debug|Any CPU.Build.0 = Debug|Any CPU
		{22D1F65D-C1B3-4DAF-8470-1B5183ABB9E5}.Release|Any CPU.ActiveCfg = Release|Any CPU
		{22D1F65D-C1B3-4DAF-8470-1B5183ABB9E5}.Release|Any CPU.Build.0 = Release|Any CPU
		{1BEFD1CD-61C3-486C-B0FE-7629C1F311C7}.Debug|Any CPU.ActiveCfg = Debug|Any CPU
		{1BEFD1CD-61C3-486C-B0FE-7629C1F311C7}.Debug|Any CPU.Build.0 = Debug|Any CPU
		{1BEFD1CD-61C3-486C-B0FE-7629C1F311C7}.Release|Any CPU.ActiveCfg = Release|Any CPU
		{1BEFD1CD-61C3-486C-B0FE-7629C1F311C7}.Release|Any CPU.Build.0 = Release|Any CPU
		{00D31B77-B134-404F-B3C9-86E548D0C563}.Debug|Any CPU.ActiveCfg = Debug|Any CPU
		{00D31B77-B134-404F-B3C9-86E548D0C563}.Debug|Any CPU.Build.0 = Debug|Any CPU
		{00D31B77-B134-404F-B3C9-86E548D0C563}.Release|Any CPU.ActiveCfg = Release|Any CPU
		{00D31B77-B134-404F-B3C9-86E548D0C563}.Release|Any CPU.Build.0 = Release|Any CPU
		{024EF5AF-0922-4887-95CE-50E4ABC0D2B1}.Debug|Any CPU.ActiveCfg = Debug|Any CPU
		{024EF5AF-0922-4887-95CE-50E4ABC0D2B1}.Debug|Any CPU.Build.0 = Debug|Any CPU
		{024EF5AF-0922-4887-95CE-50E4ABC0D2B1}.Release|Any CPU.ActiveCfg = Release|Any CPU
		{024EF5AF-0922-4887-95CE-50E4ABC0D2B1}.Release|Any CPU.Build.0 = Release|Any CPU
		{EA2E1DC8-DB74-4465-B925-93712B340013}.Debug|Any CPU.ActiveCfg = Debug|Any CPU
		{EA2E1DC8-DB74-4465-B925-93712B340013}.Debug|Any CPU.Build.0 = Debug|Any CPU
		{EA2E1DC8-DB74-4465-B925-93712B340013}.Release|Any CPU.ActiveCfg = Release|Any CPU
		{EA2E1DC8-DB74-4465-B925-93712B340013}.Release|Any CPU.Build.0 = Release|Any CPU
		{229F21FE-AAB2-4A66-B602-BF59494CDDE2}.Debug|Any CPU.ActiveCfg = Debug|Any CPU
		{229F21FE-AAB2-4A66-B602-BF59494CDDE2}.Debug|Any CPU.Build.0 = Debug|Any CPU
		{229F21FE-AAB2-4A66-B602-BF59494CDDE2}.Release|Any CPU.ActiveCfg = Release|Any CPU
		{229F21FE-AAB2-4A66-B602-BF59494CDDE2}.Release|Any CPU.Build.0 = Release|Any CPU
		{D8CE1293-D821-4073-96FB-8EE96F3017BE}.Debug|Any CPU.ActiveCfg = Debug|Any CPU
		{D8CE1293-D821-4073-96FB-8EE96F3017BE}.Debug|Any CPU.Build.0 = Debug|Any CPU
		{D8CE1293-D821-4073-96FB-8EE96F3017BE}.Release|Any CPU.ActiveCfg = Release|Any CPU
		{D8CE1293-D821-4073-96FB-8EE96F3017BE}.Release|Any CPU.Build.0 = Release|Any CPU
	EndGlobalSection
	GlobalSection(SolutionProperties) = preSolution
		HideSolutionNode = FALSE
	EndGlobalSection
	GlobalSection(NestedProjects) = preSolution
		{A26B8686-5D53-48A2-AEE5-8A95778939C9} = {E58FA88D-D8BE-4F6D-A999-9943695AC64F}
		{51321EF5-685B-43ED-8CB4-AF3121E47116} = {A26B8686-5D53-48A2-AEE5-8A95778939C9}
		{ABDE238D-B5E7-49BA-B608-9862499FDF6A} = {A26B8686-5D53-48A2-AEE5-8A95778939C9}
		{7DFB5745-2D17-4916-8AB9-D5D27EB261CD} = {9AD0FE91-DAB5-454E-89E1-18070F363693}
		{A5D7F1D4-FB73-4041-BC01-3DE810E83FCA} = {51321EF5-685B-43ED-8CB4-AF3121E47116}
		{868DF43F-6C70-43A6-AFE4-C6C3A84E089C} = {51321EF5-685B-43ED-8CB4-AF3121E47116}
		{C9FAB8F9-9D35-446B-B646-BCA995522FB6} = {51321EF5-685B-43ED-8CB4-AF3121E47116}
		{240B6C35-33C8-4A08-AE9F-F6D410375C5E} = {51321EF5-685B-43ED-8CB4-AF3121E47116}
		{11E57B09-9C70-48B8-B7BF-761AD43BF786} = {868DF43F-6C70-43A6-AFE4-C6C3A84E089C}
		{BA5AF6BC-9B90-493A-B194-3B868A812577} = {C9FAB8F9-9D35-446B-B646-BCA995522FB6}
		{22D1F65D-C1B3-4DAF-8470-1B5183ABB9E5} = {240B6C35-33C8-4A08-AE9F-F6D410375C5E}
		{1BEFD1CD-61C3-486C-B0FE-7629C1F311C7} = {A5D7F1D4-FB73-4041-BC01-3DE810E83FCA}
		{89592728-8FB4-43FC-ADE2-73FC73EB102E} = {ABDE238D-B5E7-49BA-B608-9862499FDF6A}
		{C1CF0FA7-EB36-4DBF-951B-3A8DF0FD2BB1} = {ABDE238D-B5E7-49BA-B608-9862499FDF6A}
		{56627229-5A96-4BCC-885B-DCC6B4DBF8EF} = {ABDE238D-B5E7-49BA-B608-9862499FDF6A}
		{FCACE063-819D-423B-9306-85CAEB083505} = {ABDE238D-B5E7-49BA-B608-9862499FDF6A}
		{E53186F9-255D-43CE-BC44-BADC6327F789} = {ABDE238D-B5E7-49BA-B608-9862499FDF6A}
		{00D31B77-B134-404F-B3C9-86E548D0C563} = {56627229-5A96-4BCC-885B-DCC6B4DBF8EF}
		{024EF5AF-0922-4887-95CE-50E4ABC0D2B1} = {C1CF0FA7-EB36-4DBF-951B-3A8DF0FD2BB1}
		{EA2E1DC8-DB74-4465-B925-93712B340013} = {FCACE063-819D-423B-9306-85CAEB083505}
		{229F21FE-AAB2-4A66-B602-BF59494CDDE2} = {89592728-8FB4-43FC-ADE2-73FC73EB102E}
		{D8CE1293-D821-4073-96FB-8EE96F3017BE} = {E53186F9-255D-43CE-BC44-BADC6327F789}
	EndGlobalSection
	GlobalSection(ExtensibilityGlobals) = postSolution
		SolutionGuid = {68AAE4FC-7A4A-4729-B5A6-B11EDA39ADF8}
	EndGlobalSection
EndGlobal
